
Microsoft Visual Studio Solution File, Format Version 12.00
# Visual Studio Version 16
VisualStudioVersion = 16.0.30002.166
MinimumVisualStudioVersion = 10.0.40219.1
Project("{FAE04EC0-301F-11D3-BF4B-00C04F79EFBC}") = "UserManagement-Service", "UserManagement-Service.csproj", "{113EDD25-4A96-4869-BE1B-020603E38971}"
EndProject
Global
	GlobalSection(SolutionConfigurationPlatforms) = preSolution
		Debug|Any CPU = Debug|Any CPU
		Release|Any CPU = Release|Any CPU
	EndGlobalSection
	GlobalSection(ProjectConfigurationPlatforms) = postSolution
		{113EDD25-4A96-4869-BE1B-020603E38971}.Debug|Any CPU.ActiveCfg = Debug|Any CPU
		{113EDD25-4A96-4869-BE1B-020603E38971}.Debug|Any CPU.Build.0 = Debug|Any CPU
		{113EDD25-4A96-4869-BE1B-020603E38971}.Release|Any CPU.ActiveCfg = Release|Any CPU
		{113EDD25-4A96-4869-BE1B-020603E38971}.Release|Any CPU.Build.0 = Release|Any CPU
	EndGlobalSection
	GlobalSection(SolutionProperties) = preSolution
		HideSolutionNode = FALSE
	EndGlobalSection
	GlobalSection(ExtensibilityGlobals) = postSolution
		SolutionGuid = {578BA6CA-4449-4BEE-B09C-2DAB09271096}
	EndGlobalSection
EndGlobal
